{
  "name": "fios-holiday-offer",
  "version": "1.0.0",
  "lockfileVersion": 1,
  "requires": true,
  "dependencies": {
    "jquery": {
      "version": "3.2.1",
      "resolved": "https://registry.npmjs.org/jquery/-/jquery-3.2.1.tgz",
      "integrity": "sha1-XE2d5lKvbNCncBVKYxu6ErAVx4c="
    },
    "sass": {
      "version": "1.0.0-beta.4",
      "resolved": "https://registry.npmjs.org/sass/-/sass-1.0.0-beta.4.tgz",
      "integrity": "sha1-is5YRRkEBwwwhpnnVvap1PkgJLU="
    },
    "zurb-foundation-5": {
      "version": "5.4.7",
      "resolved": "https://registry.npmjs.org/zurb-foundation-5/-/zurb-foundation-5-5.4.7.tgz",
      "integrity": "sha1-vZS76TyUs6ayJqwv3g6+7dZk4CQ="
    }
  }
}
